
Microsoft Visual Studio Solution File, Format Version 12.00
# Visual Studio Version 17
VisualStudioVersion = 17.9.34728.123
MinimumVisualStudioVersion = 10.0.40219.1
Project("{FAE04EC0-301F-11D3-BF4B-00C04F79EFBC}") = "SortingAlgorithmAnimation", "SortingAlgorithmAnimation.csproj", "{0EDE4ABA-F58C-4304-8B06-246446D3ABF9}"
EndProject
Global
	GlobalSection(SolutionConfigurationPlatforms) = preSolution
		Debug|Any CPU = Debug|Any CPU
		Release|Any CPU = Release|Any CPU
	EndGlobalSection
	GlobalSection(ProjectConfigurationPlatforms) = postSolution
		{0EDE4ABA-F58C-4304-8B06-246446D3ABF9}.Debug|Any CPU.ActiveCfg = Debug|Any CPU
		{0EDE4ABA-F58C-4304-8B06-246446D3ABF9}.Debug|Any CPU.Build.0 = Debug|Any CPU
		{0EDE4ABA-F58C-4304-8B06-246446D3ABF9}.Release|Any CPU.ActiveCfg = Release|Any CPU
		{0EDE4ABA-F58C-4304-8B06-246446D3ABF9}.Release|Any CPU.Build.0 = Release|Any CPU
	EndGlobalSection
	GlobalSection(SolutionProperties) = preSolution
		HideSolutionNode = FALSE
	EndGlobalSection
	GlobalSection(ExtensibilityGlobals) = postSolution
		SolutionGuid = {A7D1E5EA-621C-4CDF-A16F-F2E72EC729F0}
	EndGlobalSection
EndGlobal
